{
  "name": "giljob-v2-web",
  "version": "0.1.0",
  "lockfileVersion": 3,
  "requires": true,
  "packages": {
    "": {
      "name": "giljob-v2-web",
      "version": "0.1.0",
      "dependencies": {
        "@spatialwalk/avatarkit": "1.0.0-beta.104",
        "@types/dom-mediacapture-record": "1.0.22",
        "@webgpu/types": "0.1.70"
      }
    },
    "node_modules/@bufbuild/protobuf": {
      "version": "2.12.0",
      "resolved": "https://registry.npmjs.org/@bufbuild/protobuf/-/protobuf-2.12.0.tgz",
      "integrity": "sha512-B/XlCaFIP8LOwzo+bz5uFzATYokcwCKQcghqnlfwSmM5eX/qTkvDBnDPs+gXtX/RyjxJ4DRikECcPJbyALA8FA==",
      "license": "(Apache-2.0 AND BSD-3-Clause)"
    },
    "node_modules/@guiiai/logg": {
      "version": "1.2.11",
      "resolved": "https://registry.npmjs.org/@guiiai/logg/-/logg-1.2.11.tgz",
      "integrity": "sha512-OE4tpTa3NCw/A0YC6TcRD09fLeatpyQ22625syiW7amygCAnHpswIjQRMDLkZnxFTHvleKomBpaXyIsk0qDk3g==",
      "license": "MIT",
      "dependencies": {
        "error-stack-parser": "^2.1.4",
        "pathe": "^2.0.3"
      }
    },
    "node_modules/@posthog/core": {
      "version": "1.30.9",
      "resolved": "https://registry.npmjs.org/@posthog/core/-/core-1.30.9.tgz",
      "integrity": "sha512-Cn004VJ7ZWQRaVQG7efh+pMtRMIVZznktngXe5I3E8wClRdMwCZaSa6jo/X04Oc04z8PeMp4GEcWVkdEhmAEXw==",
      "license": "MIT",
      "dependencies": {
        "@posthog/types": "1.381.0"
      }
    },
    "node_modules/@posthog/types": {
      "version": "1.381.0",
      "resolved": "https://registry.npmjs.org/@posthog/types/-/types-1.381.0.tgz",
      "integrity": "sha512-AW68BovKFCNbPdq3VjOzfQeSQRYMvQVv+46LDywWFXO/oOTXFKwjY92FaJQSTXWgTNgDpqigCw3yUFDinK3hZA==",
      "license": "MIT"
    },
    "node_modules/@spatialwalk/avatarkit": {
      "version": "1.0.0-beta.104",
      "resolved": "https://registry.npmjs.org/@spatialwalk/avatarkit/-/avatarkit-1.0.0-beta.104.tgz",
      "integrity": "sha512-x1m8PbSyZ0PhB6Av2LvN1HmpY50s9BK0OEtioCvuyIlVmRybnq2gUB8lbt0j5k0MZ1jtLOEbHTJUAu2RR/qQlg==",
      "license": "MIT",
      "dependencies": {
        "@bufbuild/protobuf": "^2.10.0",
        "@guiiai/logg": "^1.2.4",
        "nanoid": "^5.1.6",
        "posthog-js": "^1.310.1"
      },
      "peerDependencies": {
        "@webgpu/types": "*",
        "next": ">=13.0.0",
        "vite": "^5.0.0"
      },
      "peerDependenciesMeta": {
        "next": {
          "optional": true
        },
        "vite": {
          "optional": true
        }
      }
    },
    "node_modules/@types/dom-mediacapture-record": {
      "version": "1.0.22",
      "resolved": "https://registry.npmjs.org/@types/dom-mediacapture-record/-/dom-mediacapture-record-1.0.22.tgz",
      "integrity": "sha512-mUMZLK3NvwRLcAAT9qmcK+9p7tpU2FHdDsntR3YI4+GY88XrgG4XiE7u1Q2LAN2/FZOz/tdMDC3GQCR4T8nFuw==",
      "license": "MIT"
    },
    "node_modules/@types/trusted-types": {
      "version": "2.0.7",
      "resolved": "https://registry.npmjs.org/@types/trusted-types/-/trusted-types-2.0.7.tgz",
      "integrity": "sha512-ScaPdn1dQczgbl0QFTeTOmVHFULt394XJgOQNoyVhZ6r2vLnMLJfBPd53SB52T/3G36VI1/g2MZaX0cwDuXsfw==",
      "license": "MIT",
      "optional": true
    },
    "node_modules/@webgpu/types": {
      "version": "0.1.70",
      "resolved": "https://registry.npmjs.org/@webgpu/types/-/types-0.1.70.tgz",
      "integrity": "sha512-LFiNHHKMvmAEvwVew3JLJmTdShhbdwRFSImUshGhE2mGE8ybQzIo63l5uRp+YKnNx+8Qno8Kf6gN+DKMreIJCA==",
      "license": "BSD-3-Clause"
    },
    "node_modules/core-js": {
      "version": "3.49.0",
      "resolved": "https://registry.npmjs.org/core-js/-/core-js-3.49.0.tgz",
      "integrity": "sha512-es1U2+YTtzpwkxVLwAFdSpaIMyQaq0PBgm3YD1W3Qpsn1NAmO3KSgZfu+oGSWVu6NvLHoHCV/aYcsE5wiB7ALg==",
      "hasInstallScript": true,
      "license": "MIT",
      "funding": {
        "type": "opencollective",
        "url": "https://opencollective.com/core-js"
      }
    },
    "node_modules/dompurify": {
      "version": "3.4.8",
      "resolved": "https://registry.npmjs.org/dompurify/-/dompurify-3.4.8.tgz",
      "integrity": "sha512-yb1cEmaOum7wFvOCSQxyfgVlv5D47Rc30iZWoMpbDIWTnJ6grDDQyu2KFJzB2k7u0pMuJcQ1zphH//fFnw2tjQ==",
      "license": "(MPL-2.0 OR Apache-2.0)",
      "optionalDependencies": {
        "@types/trusted-types": "^2.0.7"
      }
    },
    "node_modules/error-stack-parser": {
      "version": "2.1.4",
      "resolved": "https://registry.npmjs.org/error-stack-parser/-/error-stack-parser-2.1.4.tgz",
      "integrity": "sha512-Sk5V6wVazPhq5MhpO+AUxJn5x7XSXGl1R93Vn7i+zS15KDVxQijejNCrz8340/2bgLBjR9GtEG8ZVKONDjcqGQ==",
      "license": "MIT",
      "dependencies": {
        "stackframe": "^1.3.4"
      }
    },
    "node_modules/fflate": {
      "version": "0.4.8",
      "resolved": "https://registry.npmjs.org/fflate/-/fflate-0.4.8.tgz",
      "integrity": "sha512-FJqqoDBR00Mdj9ppamLa/Y7vxm+PRmNWA67N846RvsoYVMKB4q3y/de5PA7gUmRMYK/8CMz2GDZQmCRN1wBcWA==",
      "license": "MIT"
    },
    "node_modules/nanoid": {
      "version": "5.1.11",
      "resolved": "https://registry.npmjs.org/nanoid/-/nanoid-5.1.11.tgz",
      "integrity": "sha512-v+KEsUv2ps74PaSKv0gHTxTCgMXOIfBEbaqa6w6ISIGC7ZsvHN4N9oJ8d4cmf0n5oTzQz2SLmThbQWhjd/8eKg==",
      "funding": [
        {
          "type": "github",
          "url": "https://github.com/sponsors/ai"
        }
      ],
      "license": "MIT",
      "bin": {
        "nanoid": "bin/nanoid.js"
      },
      "engines": {
        "node": "^18 || >=20"
      }
    },
    "node_modules/pathe": {
      "version": "2.0.3",
      "resolved": "https://registry.npmjs.org/pathe/-/pathe-2.0.3.tgz",
      "integrity": "sha512-WUjGcAqP1gQacoQe+OBJsFA7Ld4DyXuUIjZ5cc75cLHvJ7dtNsTugphxIADwspS+AraAUePCKrSVtPLFj/F88w==",
      "license": "MIT"
    },
    "node_modules/posthog-js": {
      "version": "1.381.0",
      "resolved": "https://registry.npmjs.org/posthog-js/-/posthog-js-1.381.0.tgz",
      "integrity": "sha512-botkF0PUSd19qUTB7lJxKRQAc+9b9v3XcAZnqG/4LMDXJPvMxPeSCj6OVx8e9GCZN38kOg6yUcXMXDTcBqKdlw==",
      "license": "SEE LICENSE IN LICENSE",
      "dependencies": {
        "@posthog/core": "1.30.9",
        "@posthog/types": "1.381.0",
        "core-js": "^3.38.1",
        "dompurify": "^3.3.2",
        "fflate": "^0.4.8",
        "preact": "^10.28.2",
        "query-selector-shadow-dom": "^1.0.1",
        "web-vitals": "^5.1.0"
      }
    },
    "node_modules/preact": {
      "version": "10.29.2",
      "resolved": "https://registry.npmjs.org/preact/-/preact-10.29.2.tgz",
      "integrity": "sha512-7tNmwg/7mzzAoB/8kSg6Hl37JraAZw3Z3A0JSY7VXlZwo82Xn0G7wKbNNs2qoF4ZEEsQGTwDAroNdqKs1ofJxQ==",
      "license": "MIT",
      "funding": {
        "type": "opencollective",
        "url": "https://opencollective.com/preact"
      }
    },
    "node_modules/query-selector-shadow-dom": {
      "version": "1.0.1",
      "resolved": "https://registry.npmjs.org/query-selector-shadow-dom/-/query-selector-shadow-dom-1.0.1.tgz",
      "integrity": "sha512-lT5yCqEBgfoMYpf3F2xQRK7zEr1rhIIZuceDK6+xRkJQ4NMbHTwXqk4NkwDwQMNqXgG9r9fyHnzwNVs6zV5KRw==",
      "license": "MIT"
    },
    "node_modules/stackframe": {
      "version": "1.3.4",
      "resolved": "https://registry.npmjs.org/stackframe/-/stackframe-1.3.4.tgz",
      "integrity": "sha512-oeVtt7eWQS+Na6F//S4kJ2K2VbRlS9D43mAlMyVpVWovy9o+jfgH8O9agzANzaiLjclA0oYzUXEM4PurhSUChw==",
      "license": "MIT"
    },
    "node_modules/web-vitals": {
      "version": "5.3.0",
      "resolved": "https://registry.npmjs.org/web-vitals/-/web-vitals-5.3.0.tgz",
      "integrity": "sha512-q6LWsLatGYZp5VGBIOvbTj6JBV2nOmC8KvWztXBmwJcfFAzhwKwbOxhUH306XY3CcaZDUlSmSuNPBsCn0bFu+g==",
      "license": "Apache-2.0"
    }
  }
}
